
Microsoft Visual Studio Solution File, Format Version 12.00
# Visual Studio Version 16
VisualStudioVersion = 16.0.31624.102
MinimumVisualStudioVersion = 10.0.40219.1
Project("{FAE04EC0-301F-11D3-BF4B-00C04F79EFBC}") = "Line_Comparision_Problem_CS", "Line_Comparision_Problem_CS\Line_Comparision_Problem_CS.csproj", "{28420160-9A24-405F-ACCE-6EC56E348B65}"
EndProject
Global
	GlobalSection(SolutionConfigurationPlatforms) = preSolution
		Debug|Any CPU = Debug|Any CPU
		Release|Any CPU = Release|Any CPU
	EndGlobalSection
	GlobalSection(ProjectConfigurationPlatforms) = postSolution
		{28420160-9A24-405F-ACCE-6EC56E348B65}.Debug|Any CPU.ActiveCfg = Debug|Any CPU
		{28420160-9A24-405F-ACCE-6EC56E348B65}.Debug|Any CPU.Build.0 = Debug|Any CPU
		{28420160-9A24-405F-ACCE-6EC56E348B65}.Release|Any CPU.ActiveCfg = Release|Any CPU
		{28420160-9A24-405F-ACCE-6EC56E348B65}.Release|Any CPU.Build.0 = Release|Any CPU
	EndGlobalSection
	GlobalSection(SolutionProperties) = preSolution
		HideSolutionNode = FALSE
	EndGlobalSection
	GlobalSection(ExtensibilityGlobals) = postSolution
		SolutionGuid = {25367BE5-0262-4019-BCED-5A1DBE7AB232}
	EndGlobalSection
EndGlobal
